
Microsoft Visual Studio Solution File, Format Version 12.00
# Visual Studio 15
VisualStudioVersion = 15.0.27428.2037
MinimumVisualStudioVersion = 10.0.40219.1
Project("{FAE04EC0-301F-11D3-BF4B-00C04F79EFBC}") = "TheVetsWebsite", "TheVetsWebsite\TheVetsWebsite.csproj", "{0E40B693-9F6F-48F2-B8E6-B4B05DB71ACD}"
EndProject
Global
	GlobalSection(SolutionConfigurationPlatforms) = preSolution
		Debug|Any CPU = Debug|Any CPU
		Release|Any CPU = Release|Any CPU
	EndGlobalSection
	GlobalSection(ProjectConfigurationPlatforms) = postSolution
		{0E40B693-9F6F-48F2-B8E6-B4B05DB71ACD}.Debug|Any CPU.ActiveCfg = Debug|Any CPU
		{0E40B693-9F6F-48F2-B8E6-B4B05DB71ACD}.Debug|Any CPU.Build.0 = Debug|Any CPU
		{0E40B693-9F6F-48F2-B8E6-B4B05DB71ACD}.Release|Any CPU.ActiveCfg = Release|Any CPU
		{0E40B693-9F6F-48F2-B8E6-B4B05DB71ACD}.Release|Any CPU.Build.0 = Release|Any CPU
	EndGlobalSection
	GlobalSection(SolutionProperties) = preSolution
		HideSolutionNode = FALSE
	EndGlobalSection
	GlobalSection(ExtensibilityGlobals) = postSolution
		SolutionGuid = {E64D429E-780A-4CA8-B7D4-B3B04DD56B9E}
	EndGlobalSection
EndGlobal
